PODS:
  - Alamofire (5.5.0)
  - ExpyTableView (1.2.1)
  - KakaoSDKAuth (2.8.6):
    - KakaoSDKCommon (= 2.8.6)
  - KakaoSDKCommon (2.8.6):
    - KakaoSDKCommon/Common (= 2.8.6)
    - KakaoSDKCommon/Network (= 2.8.6)
  - KakaoSDKCommon/Common (2.8.6)
  - KakaoSDKCommon/Network (2.8.6):
    - Alamofire (~> 5.1)
    - KakaoSDKCommon/Common (= 2.8.6)
  - KakaoSDKUser (2.8.6):
    - KakaoSDKAuth (= 2.8.6)
  - MaterialComponents/Availability (124.2.0)
  - MaterialComponents/BottomSheet (124.2.0):
    - MaterialComponents/Elevation
    - MaterialComponents/private/KeyboardWatcher
    - MaterialComponents/private/Math
    - MaterialComponents/ShadowElevations
    - MaterialComponents/ShadowLayer
    - MaterialComponents/ShapeLibrary
    - MaterialComponents/Shapes
  - MaterialComponents/Elevation (124.2.0):
    - MaterialComponents/Availability
    - MaterialComponents/private/Color
    - MaterialComponents/private/Math
  - MaterialComponents/private/Application (124.2.0)
  - MaterialComponents/private/Color (124.2.0):
    - MaterialComponents/Availability
  - MaterialComponents/private/KeyboardWatcher (124.2.0):
    - MaterialComponents/private/Application
  - MaterialComponents/private/Math (124.2.0)
  - MaterialComponents/ShadowElevations (124.2.0)
  - MaterialComponents/ShadowLayer (124.2.0):
    - MaterialComponents/ShadowElevations
  - MaterialComponents/ShapeLibrary (124.2.0):
    - MaterialComponents/private/Math
    - MaterialComponents/Shapes
  - MaterialComponents/Shapes (124.2.0):
    - MaterialComponents/private/Color
    - MaterialComponents/private/Math
    - MaterialComponents/ShadowLayer
  - Pageboy (3.6.2)
  - Tabman (2.11.1):
    - Pageboy (~> 3.6.0)

DEPENDENCIES:
  - Alamofire (~> 5.5)
  - ExpyTableView
  - KakaoSDKAuth
  - KakaoSDKCommon
  - KakaoSDKUser
  - MaterialComponents/BottomSheet
  - Tabman (~> 2.11)

SPEC REPOS:
  trunk:
    - Alamofire
    - ExpyTableView
    - KakaoSDKAuth
    - KakaoSDKCommon
    - KakaoSDKUser
    - MaterialComponents
    - Pageboy
    - Tabman

SPEC CHECKSUMS:
  Alamofire: 1c4fb5369c3fe93d2857c780d8bbe09f06f97e7c
  ExpyTableView: 19cf224c2ff04b1ec215ec52bc4ba6f81fa809ed
  KakaoSDKAuth: 53e747a3bf343a3f3e87b14478d5a865d6c2acae
  KakaoSDKCommon: 7e56600ff4c1bd82bed93fea4299b5a37f47e6a5
  KakaoSDKUser: e79480355fa789f42e628dfba359fc21e9914f4c
  MaterialComponents: 1a9b2d9d45b1601ae544de85089adc4c464306d4
  Pageboy: cf121b9dd48c63f3f281b2a9ec93d02e0f23879b
  Tabman: 792ac76fd1ec95af175c93db880a3c47cabedc91

PODFILE CHECKSUM: 28fc4c7c24f8d12749d76829e2c25170e0f33c26

COCOAPODS: 1.11.2
