// !$*UTF8*$!
{
	archiveVersion = 1;
	classes = {
	};
	objectVersion = 55;
	objects = {

/* Begin PBXBuildFile section */
		D0910F5B27E56D9800793D90 /* AppDelegate.swift in Sources */ = {isa = PBXBuildFile; fileRef = D0910F5A27E56D9800793D90 /* AppDelegate.swift */; };
		D0910F5D27E56D9800793D90 /* SceneDelegate.swift in Sources */ = {isa = PBXBuildFile; fileRef = D0910F5C27E56D9800793D90 /* SceneDelegate.swift */; };
		D0910F5F27E56D9800793D90 /* HomeViewController.swift in Sources */ = {isa = PBXBuildFile; fileRef = D0910F5E27E56D9800793D90 /* HomeViewController.swift */; };
		D0910F6227E56D9800793D90 /* Main.storyboard in Resources */ = {isa = PBXBuildFile; fileRef = D0910F6027E56D9800793D90 /* Main.storyboard */; };
		D0910F6427E56D9B00793D90 /* Assets.xcassets in Resources */ = {isa = PBXBuildFile; fileRef = D0910F6327E56D9B00793D90 /* Assets.xcassets */; };
		D0910F6727E56D9B00793D90 /* LaunchScreen.storyboard in Resources */ = {isa = PBXBuildFile; fileRef = D0910F6527E56D9B00793D90 /* LaunchScreen.storyboard */; };
		D0EA7F6727E58F9100948269 /* Constant.swift in Sources */ = {isa = PBXBuildFile; fileRef = D0EA7F6627E58F9100948269 /* Constant.swift */; };
		D0EA7F6D27E58FF900948269 /* BaseViewController.swift in Sources */ = {isa = PBXBuildFile; fileRef = D0EA7F6C27E58FF900948269 /* BaseViewController.swift */; };
		D0EA7F7227E5904800948269 /* Device.swift in Sources */ = {isa = PBXBuildFile; fileRef = D0EA7F7127E5904800948269 /* Device.swift */; };
		D0EA7F7427E5904F00948269 /* CustomLabel.swift in Sources */ = {isa = PBXBuildFile; fileRef = D0EA7F7327E5904F00948269 /* CustomLabel.swift */; };
		D0EA7F7627E5905A00948269 /* IndicatorView.swift in Sources */ = {isa = PBXBuildFile; fileRef = D0EA7F7527E5905A00948269 /* IndicatorView.swift */; };
		D0EA7F7827E590A700948269 /* UIColor.swift in Sources */ = {isa = PBXBuildFile; fileRef = D0EA7F7727E590A700948269 /* UIColor.swift */; };
		D0EA7F7A27E590BC00948269 /* Date.swift in Sources */ = {isa = PBXBuildFile; fileRef = D0EA7F7927E590BC00948269 /* Date.swift */; };
		D0EA7F7C27E590D300948269 /* String.swift in Sources */ = {isa = PBXBuildFile; fileRef = D0EA7F7B27E590D300948269 /* String.swift */; };
		D0EA7F7E27E590ED00948269 /* Int.swift in Sources */ = {isa = PBXBuildFile; fileRef = D0EA7F7D27E590ED00948269 /* Int.swift */; };
		D0EA7F8027E5910000948269 /* UIButton.swift in Sources */ = {isa = PBXBuildFile; fileRef = D0EA7F7F27E5910000948269 /* UIButton.swift */; };
		D0EA7F8227E5911B00948269 /* UIViewController.swift in Sources */ = {isa = PBXBuildFile; fileRef = D0EA7F8127E5911B00948269 /* UIViewController.swift */; };
		D0EA7F8427E5913500948269 /* UINavigationBar.swift in Sources */ = {isa = PBXBuildFile; fileRef = D0EA7F8327E5913400948269 /* UINavigationBar.swift */; };
		D0EA7F8B27E5958100948269 /* InitialViewController.swift in Sources */ = {isa = PBXBuildFile; fileRef = D0EA7F8A27E5958100948269 /* InitialViewController.swift */; };
/* End PBXBuildFile section */

/* Begin PBXFileReference section */
		D0910F5727E56D9800793D90 /* RisingTestProject.app */ = {isa = PBXFileReference; explicitFileType = wrapper.application; includeInIndex = 0; path = RisingTestProject.app; sourceTree = BUILT_PRODUCTS_DIR; };
		D0910F5A27E56D9800793D90 /* AppDelegate.swift */ = {isa = PBXFileReference; lastKnownFileType = sourcecode.swift; path = AppDelegate.swift; sourceTree = "<group>"; };
		D0910F5C27E56D9800793D90 /* SceneDelegate.swift */ = {isa = PBXFileReference; lastKnownFileType = sourcecode.swift; path = SceneDelegate.swift; sourceTree = "<group>"; };
		D0910F5E27E56D9800793D90 /* HomeViewController.swift */ = {isa = PBXFileReference; lastKnownFileType = sourcecode.swift; path = HomeViewController.swift; sourceTree = "<group>"; };
		D0910F6127E56D9800793D90 /* Base */ = {isa = PBXFileReference; lastKnownFileType = file.storyboard; name = Base; path = Base.lproj/Main.storyboard; sourceTree = "<group>"; };
		D0910F6327E56D9B00793D90 /* Assets.xcassets */ = {isa = PBXFileReference; lastKnownFileType = folder.assetcatalog; path = Assets.xcassets; sourceTree = "<group>"; };
		D0910F6627E56D9B00793D90 /* Base */ = {isa = PBXFileReference; lastKnownFileType = file.storyboard; name = Base; path = Base.lproj/LaunchScreen.storyboard; sourceTree = "<group>"; };
		D0910F6827E56D9B00793D90 /* Info.plist */ = {isa = PBXFileReference; lastKnownFileType = text.plist.xml; path = Info.plist; sourceTree = "<group>"; };
		D0EA7F6627E58F9100948269 /* Constant.swift */ = {isa = PBXFileReference; lastKnownFileType = sourcecode.swift; path = Constant.swift; sourceTree = "<group>"; };
		D0EA7F6C27E58FF900948269 /* BaseViewController.swift */ = {isa = PBXFileReference; lastKnownFileType = sourcecode.swift; path = BaseViewController.swift; sourceTree = "<group>"; };
		D0EA7F7127E5904800948269 /* Device.swift */ = {isa = PBXFileReference; lastKnownFileType = sourcecode.swift; path = Device.swift; sourceTree = "<group>"; };
		D0EA7F7327E5904F00948269 /* CustomLabel.swift */ = {isa = PBXFileReference; lastKnownFileType = sourcecode.swift; path = CustomLabel.swift; sourceTree = "<group>"; };
		D0EA7F7527E5905A00948269 /* IndicatorView.swift */ = {isa = PBXFileReference; lastKnownFileType = sourcecode.swift; path = IndicatorView.swift; sourceTree = "<group>"; };
		D0EA7F7727E590A700948269 /* UIColor.swift */ = {isa = PBXFileReference; lastKnownFileType = sourcecode.swift; path = UIColor.swift; sourceTree = "<group>"; };
		D0EA7F7927E590BC00948269 /* Date.swift */ = {isa = PBXFileReference; lastKnownFileType = sourcecode.swift; path = Date.swift; sourceTree = "<group>"; };
		D0EA7F7B27E590D300948269 /* String.swift */ = {isa = PBXFileReference; lastKnownFileType = sourcecode.swift; path = String.swift; sourceTree = "<group>"; };
		D0EA7F7D27E590ED00948269 /* Int.swift */ = {isa = PBXFileReference; lastKnownFileType = sourcecode.swift; path = Int.swift; sourceTree = "<group>"; };
		D0EA7F7F27E5910000948269 /* UIButton.swift */ = {isa = PBXFileReference; lastKnownFileType = sourcecode.swift; path = UIButton.swift; sourceTree = "<group>"; };
		D0EA7F8127E5911B00948269 /* UIViewController.swift */ = {isa = PBXFileReference; lastKnownFileType = sourcecode.swift; path = UIViewController.swift; sourceTree = "<group>"; };
		D0EA7F8327E5913400948269 /* UINavigationBar.swift */ = {isa = PBXFileReference; lastKnownFileType = sourcecode.swift; path = UINavigationBar.swift; sourceTree = "<group>"; };
		D0EA7F8A27E5958100948269 /* InitialViewController.swift */ = {isa = PBXFileReference; lastKnownFileType = sourcecode.swift; path = InitialViewController.swift; sourceTree = "<group>"; };
/* End PBXFileReference section */

/* Begin PBXFrameworksBuildPhase section */
		D0910F5427E56D9800793D90 /* Frameworks */ = {
			isa = PBXFrameworksBuildPhase;
			buildActionMask = 2147483647;
			files = (
			);
			runOnlyForDeploymentPostprocessing = 0;
		};
/* End PBXFrameworksBuildPhase section */

/* Begin PBXGroup section */
		D0910F4E27E56D9800793D90 = {
			isa = PBXGroup;
			children = (
				D0910F5927E56D9800793D90 /* RisingTestProject */,
				D0910F5827E56D9800793D90 /* Products */,
			);
			sourceTree = "<group>";
		};
		D0910F5827E56D9800793D90 /* Products */ = {
			isa = PBXGroup;
			children = (
				D0910F5727E56D9800793D90 /* RisingTestProject.app */,
			);
			name = Products;
			sourceTree = "<group>";
		};
		D0910F5927E56D9800793D90 /* RisingTestProject */ = {
			isa = PBXGroup;
			children = (
				D0EA7F6527E58F7A00948269 /* App */,
				D0EA7F6827E58FA900948269 /* Configuration */,
				D0EA7F6E27E5902300948269 /* Util */,
				D0EA7F8527E5914E00948269 /* Source */,
				D0910F6327E56D9B00793D90 /* Assets.xcassets */,
				D0910F6527E56D9B00793D90 /* LaunchScreen.storyboard */,
				D0910F6827E56D9B00793D90 /* Info.plist */,
			);
			path = RisingTestProject;
			sourceTree = "<group>";
		};
		D0EA7F6527E58F7A00948269 /* App */ = {
			isa = PBXGroup;
			children = (
				D0910F5A27E56D9800793D90 /* AppDelegate.swift */,
				D0910F5C27E56D9800793D90 /* SceneDelegate.swift */,
			);
			path = App;
			sourceTree = "<group>";
		};
		D0EA7F6827E58FA900948269 /* Configuration */ = {
			isa = PBXGroup;
			children = (
				D0EA7F6627E58F9100948269 /* Constant.swift */,
				D0EA7F6927E58FB700948269 /* Secret */,
				D0EA7F6A27E58FC900948269 /* Font */,
				D0EA7F6B27E58FCF00948269 /* Base */,
			);
			path = Configuration;
			sourceTree = "<group>";
		};
		D0EA7F6927E58FB700948269 /* Secret */ = {
			isa = PBXGroup;
			children = (
			);
			path = Secret;
			sourceTree = "<group>";
		};
		D0EA7F6A27E58FC900948269 /* Font */ = {
			isa = PBXGroup;
			children = (
			);
			path = Font;
			sourceTree = "<group>";
		};
		D0EA7F6B27E58FCF00948269 /* Base */ = {
			isa = PBXGroup;
			children = (
				D0EA7F6C27E58FF900948269 /* BaseViewController.swift */,
			);
			path = Base;
			sourceTree = "<group>";
		};
		D0EA7F6E27E5902300948269 /* Util */ = {
			isa = PBXGroup;
			children = (
				D0EA7F7027E5903500948269 /* CommonClass */,
				D0EA7F6F27E5902F00948269 /* Extension */,
			);
			path = Util;
			sourceTree = "<group>";
		};
		D0EA7F6F27E5902F00948269 /* Extension */ = {
			isa = PBXGroup;
			children = (
				D0EA7F7727E590A700948269 /* UIColor.swift */,
				D0EA7F7927E590BC00948269 /* Date.swift */,
				D0EA7F7B27E590D300948269 /* String.swift */,
				D0EA7F7D27E590ED00948269 /* Int.swift */,
				D0EA7F7F27E5910000948269 /* UIButton.swift */,
				D0EA7F8127E5911B00948269 /* UIViewController.swift */,
				D0EA7F8327E5913400948269 /* UINavigationBar.swift */,
			);
			path = Extension;
			sourceTree = "<group>";
		};
		D0EA7F7027E5903500948269 /* CommonClass */ = {
			isa = PBXGroup;
			children = (
				D0EA7F7127E5904800948269 /* Device.swift */,
				D0EA7F7327E5904F00948269 /* CustomLabel.swift */,
				D0EA7F7527E5905A00948269 /* IndicatorView.swift */,
			);
			path = CommonClass;
			sourceTree = "<group>";
		};
		D0EA7F8527E5914E00948269 /* Source */ = {
			isa = PBXGroup;
			children = (
				D0910F6027E56D9800793D90 /* Main.storyboard */,
				D0EA7F8627E5915400948269 /* ViewControllers */,
				D0EA7F8827E5917600948269 /* Main */,
			);
			path = Source;
			sourceTree = "<group>";
		};
		D0EA7F8627E5915400948269 /* ViewControllers */ = {
			isa = PBXGroup;
			children = (
				D0910F5E27E56D9800793D90 /* HomeViewController.swift */,
				D0EA7F8A27E5958100948269 /* InitialViewController.swift */,
			);
			path = ViewControllers;
			sourceTree = "<group>";
		};
		D0EA7F8827E5917600948269 /* Main */ = {
			isa = PBXGroup;
			children = (
				D0EA7F8927E5919B00948269 /* Network */,
			);
			path = Main;
			sourceTree = "<group>";
		};
		D0EA7F8927E5919B00948269 /* Network */ = {
			isa = PBXGroup;
			children = (
			);
			path = Network;
			sourceTree = "<group>";
		};
/* End PBXGroup section */

/* Begin PBXNativeTarget section */
		D0910F5627E56D9800793D90 /* RisingTestProject */ = {
			isa = PBXNativeTarget;
			buildConfigurationList = D0910F6B27E56D9B00793D90 /* Build configuration list for PBXNativeTarget "RisingTestProject" */;
			buildPhases = (
				D0910F5327E56D9800793D90 /* Sources */,
				D0910F5427E56D9800793D90 /* Frameworks */,
				D0910F5527E56D9800793D90 /* Resources */,
			);
			buildRules = (
			);
			dependencies = (
			);
			name = RisingTestProject;
			productName = RisingTestProject;
			productReference = D0910F5727E56D9800793D90 /* RisingTestProject.app */;
			productType = "com.apple.product-type.application";
		};
/* End PBXNativeTarget section */

/* Begin PBXProject section */
		D0910F4F27E56D9800793D90 /* Project object */ = {
			isa = PBXProject;
			attributes = {
				BuildIndependentTargetsInParallel = 1;
				LastSwiftUpdateCheck = 1330;
				LastUpgradeCheck = 1330;
				TargetAttributes = {
					D0910F5627E56D9800793D90 = {
						CreatedOnToolsVersion = 13.3;
					};
				};
			};
			buildConfigurationList = D0910F5227E56D9800793D90 /* Build configuration list for PBXProject "RisingTestProject" */;
			compatibilityVersion = "Xcode 13.0";
			developmentRegion = en;
			hasScannedForEncodings = 0;
			knownRegions = (
				en,
				Base,
			);
			mainGroup = D0910F4E27E56D9800793D90;
			productRefGroup = D0910F5827E56D9800793D90 /* Products */;
			projectDirPath = "";
			projectRoot = "";
			targets = (
				D0910F5627E56D9800793D90 /* RisingTestProject */,
			);
		};
/* End PBXProject section */

/* Begin PBXResourcesBuildPhase section */
		D0910F5527E56D9800793D90 /* Resources */ = {
			isa = PBXResourcesBuildPhase;
			buildActionMask = 2147483647;
			files = (
				D0910F6727E56D9B00793D90 /* LaunchScreen.storyboard in Resources */,
				D0910F6427E56D9B00793D90 /* Assets.xcassets in Resources */,
				D0910F6227E56D9800793D90 /* Main.storyboard in Resources */,
			);
			runOnlyForDeploymentPostprocessing = 0;
		};
/* End PBXResourcesBuildPhase section */

/* Begin PBXSourcesBuildPhase section */
		D0910F5327E56D9800793D90 /* Sources */ = {
			isa = PBXSourcesBuildPhase;
			buildActionMask = 2147483647;
			files = (
				D0EA7F8227E5911B00948269 /* UIViewController.swift in Sources */,
				D0EA7F6D27E58FF900948269 /* BaseViewController.swift in Sources */,
				D0EA7F8027E5910000948269 /* UIButton.swift in Sources */,
				D0EA7F7C27E590D300948269 /* String.swift in Sources */,
				D0EA7F7A27E590BC00948269 /* Date.swift in Sources */,
				D0EA7F7E27E590ED00948269 /* Int.swift in Sources */,
				D0910F5F27E56D9800793D90 /* HomeViewController.swift in Sources */,
				D0910F5B27E56D9800793D90 /* AppDelegate.swift in Sources */,
				D0EA7F7427E5904F00948269 /* CustomLabel.swift in Sources */,
				D0EA7F8427E5913500948269 /* UINavigationBar.swift in Sources */,
				D0EA7F7827E590A700948269 /* UIColor.swift in Sources */,
				D0EA7F7227E5904800948269 /* Device.swift in Sources */,
				D0910F5D27E56D9800793D90 /* SceneDelegate.swift in Sources */,
				D0EA7F7627E5905A00948269 /* IndicatorView.swift in Sources */,
				D0EA7F6727E58F9100948269 /* Constant.swift in Sources */,
				D0EA7F8B27E5958100948269 /* InitialViewController.swift in Sources */,
			);
			runOnlyForDeploymentPostprocessing = 0;
		};
/* End PBXSourcesBuildPhase section */

/* Begin PBXVariantGroup section */
		D0910F6027E56D9800793D90 /* Main.storyboard */ = {
			isa = PBXVariantGroup;
			children = (
				D0910F6127E56D9800793D90 /* Base */,
			);
			name = Main.storyboard;
			sourceTree = "<group>";
		};
		D0910F6527E56D9B00793D90 /* LaunchScreen.storyboard */ = {
			isa = PBXVariantGroup;
			children = (
				D0910F6627E56D9B00793D90 /* Base */,
			);
			name = LaunchScreen.storyboard;
			sourceTree = "<group>";
		};
/* End PBXVariantGroup section */

/* Begin XCBuildConfiguration section */
		D0910F6927E56D9B00793D90 /* Debug */ = {
			isa = XCBuildConfiguration;
			buildSettings = {
				ALWAYS_SEARCH_USER_PATHS = NO;
				CLANG_ANALYZER_NONNULL = YES;
				CLANG_ANALYZER_NUMBER_OBJECT_CONVERSION = YES_AGGRESSIVE;
				CLANG_CXX_LANGUAGE_STANDARD = "gnu++17";
				CLANG_ENABLE_MODULES = YES;
				CLANG_ENABLE_OBJC_ARC = YES;
				CLANG_ENABLE_OBJC_WEAK = YES;
				CLANG_WARN_BLOCK_CAPTURE_AUTORELEASING = YES;
				CLANG_WARN_BOOL_CONVERSION = YES;
				CLANG_WARN_COMMA = YES;
				CLANG_WARN_CONSTANT_CONVERSION = YES;
				CLANG_WARN_DEPRECATED_OBJC_IMPLEMENTATIONS = YES;
				CLANG_WARN_DIRECT_OBJC_ISA_USAGE = YES_ERROR;
				CLANG_WARN_DOCUMENTATION_COMMENTS = YES;
				CLANG_WARN_EMPTY_BODY = YES;
				CLANG_WARN_ENUM_CONVERSION = YES;
				CLANG_WARN_INFINITE_RECURSION = YES;
				CLANG_WARN_INT_CONVERSION = YES;
				CLANG_WARN_NON_LITERAL_NULL_CONVERSION = YES;
				CLANG_WARN_OBJC_IMPLICIT_RETAIN_SELF = YES;
				CLANG_WARN_OBJC_LITERAL_CONVERSION = YES;
				CLANG_WARN_OBJC_ROOT_CLASS = YES_ERROR;
				CLANG_WARN_QUOTED_INCLUDE_IN_FRAMEWORK_HEADER = YES;
				CLANG_WARN_RANGE_LOOP_ANALYSIS = YES;
				CLANG_WARN_STRICT_PROTOTYPES = YES;
				CLANG_WARN_SUSPICIOUS_MOVE = YES;
				CLANG_WARN_UNGUARDED_AVAILABILITY = YES_AGGRESSIVE;
				CLANG_WARN_UNREACHABLE_CODE = YES;
				CLANG_WARN__DUPLICATE_METHOD_MATCH = YES;
				COPY_PHASE_STRIP = NO;
				DEBUG_INFORMATION_FORMAT = dwarf;
				ENABLE_STRICT_OBJC_MSGSEND = YES;
				ENABLE_TESTABILITY = YES;
				GCC_C_LANGUAGE_STANDARD = gnu11;
				GCC_DYNAMIC_NO_PIC = NO;
				GCC_NO_COMMON_BLOCKS = YES;
				GCC_OPTIMIZATION_LEVEL = 0;
				GCC_PREPROCESSOR_DEFINITIONS = (
					"DEBUG=1",
					"$(inherited)",
				);
				GCC_WARN_64_TO_32_BIT_CONVERSION = YES;
				GCC_WARN_ABOUT_RETURN_TYPE = YES_ERROR;
				GCC_WARN_UNDECLARED_SELECTOR = YES;
				GCC_WARN_UNINITIALIZED_AUTOS = YES_AGGRESSIVE;
				GCC_WARN_UNUSED_FUNCTION = YES;
				GCC_WARN_UNUSED_VARIABLE = YES;
				IPHONEOS_DEPLOYMENT_TARGET = 15.4;
				MTL_ENABLE_DEBUG_INFO = INCLUDE_SOURCE;
				MTL_FAST_MATH = YES;
				ONLY_ACTIVE_ARCH = YES;
				SDKROOT = iphoneos;
				SWIFT_ACTIVE_COMPILATION_CONDITIONS = DEBUG;
				SWIFT_OPTIMIZATION_LEVEL = "-Onone";
			};
			name = Debug;
		};
		D0910F6A27E56D9B00793D90 /* Release */ = {
			isa = XCBuildConfiguration;
			buildSettings = {
				ALWAYS_SEARCH_USER_PATHS = NO;
				CLANG_ANALYZER_NONNULL = YES;
				CLANG_ANALYZER_NUMBER_OBJECT_CONVERSION = YES_AGGRESSIVE;
				CLANG_CXX_LANGUAGE_STANDARD = "gnu++17";
				CLANG_ENABLE_MODULES = YES;
				CLANG_ENABLE_OBJC_ARC = YES;
				CLANG_ENABLE_OBJC_WEAK = YES;
				CLANG_WARN_BLOCK_CAPTURE_AUTORELEASING = YES;
				CLANG_WARN_BOOL_CONVERSION = YES;
				CLANG_WARN_COMMA = YES;
				CLANG_WARN_CONSTANT_CONVERSION = YES;
				CLANG_WARN_DEPRECATED_OBJC_IMPLEMENTATIONS = YES;
				CLANG_WARN_DIRECT_OBJC_ISA_USAGE = YES_ERROR;
				CLANG_WARN_DOCUMENTATION_COMMENTS = YES;
				CLANG_WARN_EMPTY_BODY = YES;
				CLANG_WARN_ENUM_CONVERSION = YES;
				CLANG_WARN_INFINITE_RECURSION = YES;
				CLANG_WARN_INT_CONVERSION = YES;
				CLANG_WARN_NON_LITERAL_NULL_CONVERSION = YES;
				CLANG_WARN_OBJC_IMPLICIT_RETAIN_SELF = YES;
				CLANG_WARN_OBJC_LITERAL_CONVERSION = YES;
				CLANG_WARN_OBJC_ROOT_CLASS = YES_ERROR;
				CLANG_WARN_QUOTED_INCLUDE_IN_FRAMEWORK_HEADER = YES;
				CLANG_WARN_RANGE_LOOP_ANALYSIS = YES;
				CLANG_WARN_STRICT_PROTOTYPES = YES;
				CLANG_WARN_SUSPICIOUS_MOVE = YES;
				CLANG_WARN_UNGUARDED_AVAILABILITY = YES_AGGRESSIVE;
				CLANG_WARN_UNREACHABLE_CODE = YES;
				CLANG_WARN__DUPLICATE_METHOD_MATCH = YES;
				COPY_PHASE_STRIP = NO;
				DEBUG_INFORMATION_FORMAT = "dwarf-with-dsym";
				ENABLE_NS_ASSERTIONS = NO;
				ENABLE_STRICT_OBJC_MSGSEND = YES;
				GCC_C_LANGUAGE_STANDARD = gnu11;
				GCC_NO_COMMON_BLOCKS = YES;
				GCC_WARN_64_TO_32_BIT_CONVERSION = YES;
				GCC_WARN_ABOUT_RETURN_TYPE = YES_ERROR;
				GCC_WARN_UNDECLARED_SELECTOR = YES;
				GCC_WARN_UNINITIALIZED_AUTOS = YES_AGGRESSIVE;
				GCC_WARN_UNUSED_FUNCTION = YES;
				GCC_WARN_UNUSED_VARIABLE = YES;
				IPHONEOS_DEPLOYMENT_TARGET = 15.4;
				MTL_ENABLE_DEBUG_INFO = NO;
				MTL_FAST_MATH = YES;
				SDKROOT = iphoneos;
				SWIFT_COMPILATION_MODE = wholemodule;
				SWIFT_OPTIMIZATION_LEVEL = "-O";
				VALIDATE_PRODUCT = YES;
			};
			name = Release;
		};
		D0910F6C27E56D9B00793D90 /* Debug */ = {
			isa = XCBuildConfiguration;
			buildSettings = {
				ASSETCATALOG_COMPILER_APPICON_NAME = AppIcon;
				ASSETCATALOG_COMPILER_GLOBAL_ACCENT_COLOR_NAME = AccentColor;
				CODE_SIGN_STYLE = Automatic;
				CURRENT_PROJECT_VERSION = 1;
				GENERATE_INFOPLIST_FILE = YES;
				INFOPLIST_FILE = RisingTestProject/Info.plist;
				INFOPLIST_KEY_UIApplicationSupportsIndirectInputEvents = YES;
				INFOPLIST_KEY_UILaunchStoryboardName = LaunchScreen;
				INFOPLIST_KEY_UIMainStoryboardFile = Main;
				INFOPLIST_KEY_UISupportedInterfaceOrientations_iPad = "UIInterfaceOrientationPortrait UIInterfaceOrientationPortraitUpsideDown UIInterfaceOrientationLandscapeLeft UIInterfaceOrientationLandscapeRight";
				INFOPLIST_KEY_UISupportedInterfaceOrientations_iPhone = "UIInterfaceOrientationPortrait UIInterfaceOrientationLandscapeLeft UIInterfaceOrientationLandscapeRight";
				LD_RUNPATH_SEARCH_PATHS = (
					"$(inherited)",
					"@executable_path/Frameworks",
				);
				MARKETING_VERSION = 1.0;
				PRODUCT_BUNDLE_IDENTIFIER = "DongHee-Sin.RisingTestProject";
				PRODUCT_NAME = "$(TARGET_NAME)";
				SWIFT_EMIT_LOC_STRINGS = YES;
				SWIFT_VERSION = 5.0;
				TARGETED_DEVICE_FAMILY = "1,2";
			};
			name = Debug;
		};
		D0910F6D27E56D9B00793D90 /* Release */ = {
			isa = XCBuildConfiguration;
			buildSettings = {
				ASSETCATALOG_COMPILER_APPICON_NAME = AppIcon;
				ASSETCATALOG_COMPILER_GLOBAL_ACCENT_COLOR_NAME = AccentColor;
				CODE_SIGN_STYLE = Automatic;
				CURRENT_PROJECT_VERSION = 1;
				GENERATE_INFOPLIST_FILE = YES;
				INFOPLIST_FILE = RisingTestProject/Info.plist;
				INFOPLIST_KEY_UIApplicationSupportsIndirectInputEvents = YES;
				INFOPLIST_KEY_UILaunchStoryboardName = LaunchScreen;
				INFOPLIST_KEY_UIMainStoryboardFile = Main;
				INFOPLIST_KEY_UISupportedInterfaceOrientations_iPad = "UIInterfaceOrientationPortrait UIInterfaceOrientationPortraitUpsideDown UIInterfaceOrientationLandscapeLeft UIInterfaceOrientationLandscapeRight";
				INFOPLIST_KEY_UISupportedInterfaceOrientations_iPhone = "UIInterfaceOrientationPortrait UIInterfaceOrientationLandscapeLeft UIInterfaceOrientationLandscapeRight";
				LD_RUNPATH_SEARCH_PATHS = (
					"$(inherited)",
					"@executable_path/Frameworks",
				);
				MARKETING_VERSION = 1.0;
				PRODUCT_BUNDLE_IDENTIFIER = "DongHee-Sin.RisingTestProject";
				PRODUCT_NAME = "$(TARGET_NAME)";
				SWIFT_EMIT_LOC_STRINGS = YES;
				SWIFT_VERSION = 5.0;
				TARGETED_DEVICE_FAMILY = "1,2";
			};
			name = Release;
		};
/* End XCBuildConfiguration section */

/* Begin XCConfigurationList section */
		D0910F5227E56D9800793D90 /* Build configuration list for PBXProject "RisingTestProject" */ = {
			isa = XCConfigurationList;
			buildConfigurations = (
				D0910F6927E56D9B00793D90 /* Debug */,
				D0910F6A27E56D9B00793D90 /* Release */,
			);
			defaultConfigurationIsVisible = 0;
			defaultConfigurationName = Release;
		};
		D0910F6B27E56D9B00793D90 /* Build configuration list for PBXNativeTarget "RisingTestProject" */ = {
			isa = XCConfigurationList;
			buildConfigurations = (
				D0910F6C27E56D9B00793D90 /* Debug */,
				D0910F6D27E56D9B00793D90 /* Release */,
			);
			defaultConfigurationIsVisible = 0;
			defaultConfigurationName = Release;
		};
/* End XCConfigurationList section */
	};
	rootObject = D0910F4F27E56D9800793D90 /* Project object */;
}
