// !$*UTF8*$!
{
	archiveVersion = 1;
	classes = {
	};
	objectVersion = 55;
	objects = {

/* Begin PBXBuildFile section */
		0164AC4A69706993E2EA7DBE /* Pods_RisingTestProject.framework in Frameworks */ = {isa = PBXBuildFile; fileRef = FB17C0B8FCCD7F01363220B6 /* Pods_RisingTestProject.framework */; };
		D005E26327E6070A0001B63C /* PopularityPostTableViewCell.swift in Sources */ = {isa = PBXBuildFile; fileRef = D005E26127E6070A0001B63C /* PopularityPostTableViewCell.swift */; };
		D005E26427E6070A0001B63C /* PopularityPostTableViewCell.xib in Resources */ = {isa = PBXBuildFile; fileRef = D005E26227E6070A0001B63C /* PopularityPostTableViewCell.xib */; };
		D005E26B27E6181B0001B63C /* PopularityCollectionViewHeaderCell.swift in Sources */ = {isa = PBXBuildFile; fileRef = D005E26927E6181B0001B63C /* PopularityCollectionViewHeaderCell.swift */; };
		D005E26C27E6181B0001B63C /* PopularityCollectionViewHeaderCell.xib in Resources */ = {isa = PBXBuildFile; fileRef = D005E26A27E6181B0001B63C /* PopularityCollectionViewHeaderCell.xib */; };
		D04A2DCF27E5C03C00D1C7D6 /* HomeTapmanViewController.swift in Sources */ = {isa = PBXBuildFile; fileRef = D04A2DCE27E5C03C00D1C7D6 /* HomeTapmanViewController.swift */; };
		D04A2DD227E5C20C00D1C7D6 /* HomePopularityVC.swift in Sources */ = {isa = PBXBuildFile; fileRef = D04A2DD127E5C20C00D1C7D6 /* HomePopularityVC.swift */; };
		D04A2DD427E5C23600D1C7D6 /* HomeFollowingVC.swift in Sources */ = {isa = PBXBuildFile; fileRef = D04A2DD327E5C23600D1C7D6 /* HomeFollowingVC.swift */; };
		D04A2DD627E5C25F00D1C7D6 /* HomePhotoVC.swift in Sources */ = {isa = PBXBuildFile; fileRef = D04A2DD527E5C25F00D1C7D6 /* HomePhotoVC.swift */; };
		D04A2DD827E5C2C900D1C7D6 /* HomeHouseWarmingVC.swift in Sources */ = {isa = PBXBuildFile; fileRef = D04A2DD727E5C2C900D1C7D6 /* HomeHouseWarmingVC.swift */; };
		D04A2DDA27E5C2F500D1C7D6 /* HomeKnowHowVC.swift in Sources */ = {isa = PBXBuildFile; fileRef = D04A2DD927E5C2F500D1C7D6 /* HomeKnowHowVC.swift */; };
		D04A2DDC27E5C34800D1C7D6 /* HomeExpertVC.swift in Sources */ = {isa = PBXBuildFile; fileRef = D04A2DDB27E5C34800D1C7D6 /* HomeExpertVC.swift */; };
		D04A2DDE27E5C3EC00D1C7D6 /* HomeQnAVC.swift in Sources */ = {isa = PBXBuildFile; fileRef = D04A2DDD27E5C3EC00D1C7D6 /* HomeQnAVC.swift */; };
		D04A2DE727E5CE9800D1C7D6 /* PopularityTableViewHeader.swift in Sources */ = {isa = PBXBuildFile; fileRef = D04A2DE627E5CE9800D1C7D6 /* PopularityTableViewHeader.swift */; };
		D04A2DEA27E5CF1200D1C7D6 /* PopularityTableViewHeader.xib in Resources */ = {isa = PBXBuildFile; fileRef = D04A2DE927E5CF1200D1C7D6 /* PopularityTableViewHeader.xib */; };
		D04A2DEE27E5D61400D1C7D6 /* CommercialBannerCell.swift in Sources */ = {isa = PBXBuildFile; fileRef = D04A2DEC27E5D61400D1C7D6 /* CommercialBannerCell.swift */; };
		D04A2DEF27E5D61400D1C7D6 /* CommercialBannerCell.xib in Resources */ = {isa = PBXBuildFile; fileRef = D04A2DED27E5D61400D1C7D6 /* CommercialBannerCell.xib */; };
		D072BD7627E61A18000FB9C4 /* PopularityPostCollectionViewCell.swift in Sources */ = {isa = PBXBuildFile; fileRef = D072BD7427E61A18000FB9C4 /* PopularityPostCollectionViewCell.swift */; };
		D072BD7727E61A18000FB9C4 /* PopularityPostCollectionViewCell.xib in Resources */ = {isa = PBXBuildFile; fileRef = D072BD7527E61A18000FB9C4 /* PopularityPostCollectionViewCell.xib */; };
		D0910F5B27E56D9800793D90 /* AppDelegate.swift in Sources */ = {isa = PBXBuildFile; fileRef = D0910F5A27E56D9800793D90 /* AppDelegate.swift */; };
		D0910F5D27E56D9800793D90 /* SceneDelegate.swift in Sources */ = {isa = PBXBuildFile; fileRef = D0910F5C27E56D9800793D90 /* SceneDelegate.swift */; };
		D0910F5F27E56D9800793D90 /* HomeViewController.swift in Sources */ = {isa = PBXBuildFile; fileRef = D0910F5E27E56D9800793D90 /* HomeViewController.swift */; };
		D0910F6227E56D9800793D90 /* Main.storyboard in Resources */ = {isa = PBXBuildFile; fileRef = D0910F6027E56D9800793D90 /* Main.storyboard */; };
		D0910F6427E56D9B00793D90 /* Assets.xcassets in Resources */ = {isa = PBXBuildFile; fileRef = D0910F6327E56D9B00793D90 /* Assets.xcassets */; };
		D0910F6727E56D9B00793D90 /* LaunchScreen.storyboard in Resources */ = {isa = PBXBuildFile; fileRef = D0910F6527E56D9B00793D90 /* LaunchScreen.storyboard */; };
		D0EA7F6727E58F9100948269 /* Constant.swift in Sources */ = {isa = PBXBuildFile; fileRef = D0EA7F6627E58F9100948269 /* Constant.swift */; };
		D0EA7F6D27E58FF900948269 /* BaseViewController.swift in Sources */ = {isa = PBXBuildFile; fileRef = D0EA7F6C27E58FF900948269 /* BaseViewController.swift */; };
		D0EA7F7227E5904800948269 /* Device.swift in Sources */ = {isa = PBXBuildFile; fileRef = D0EA7F7127E5904800948269 /* Device.swift */; };
		D0EA7F7427E5904F00948269 /* CustomLabel.swift in Sources */ = {isa = PBXBuildFile; fileRef = D0EA7F7327E5904F00948269 /* CustomLabel.swift */; };
		D0EA7F7627E5905A00948269 /* IndicatorView.swift in Sources */ = {isa = PBXBuildFile; fileRef = D0EA7F7527E5905A00948269 /* IndicatorView.swift */; };
		D0EA7F7827E590A700948269 /* UIColor.swift in Sources */ = {isa = PBXBuildFile; fileRef = D0EA7F7727E590A700948269 /* UIColor.swift */; };
		D0EA7F7A27E590BC00948269 /* Date.swift in Sources */ = {isa = PBXBuildFile; fileRef = D0EA7F7927E590BC00948269 /* Date.swift */; };
		D0EA7F7C27E590D300948269 /* String.swift in Sources */ = {isa = PBXBuildFile; fileRef = D0EA7F7B27E590D300948269 /* String.swift */; };
		D0EA7F7E27E590ED00948269 /* Int.swift in Sources */ = {isa = PBXBuildFile; fileRef = D0EA7F7D27E590ED00948269 /* Int.swift */; };
		D0EA7F8027E5910000948269 /* UIButton.swift in Sources */ = {isa = PBXBuildFile; fileRef = D0EA7F7F27E5910000948269 /* UIButton.swift */; };
		D0EA7F8227E5911B00948269 /* UIViewController.swift in Sources */ = {isa = PBXBuildFile; fileRef = D0EA7F8127E5911B00948269 /* UIViewController.swift */; };
		D0EA7F8427E5913500948269 /* UINavigationBar.swift in Sources */ = {isa = PBXBuildFile; fileRef = D0EA7F8327E5913400948269 /* UINavigationBar.swift */; };
		D0EA7F8B27E5958100948269 /* InitialViewController.swift in Sources */ = {isa = PBXBuildFile; fileRef = D0EA7F8A27E5958100948269 /* InitialViewController.swift */; };
/* End PBXBuildFile section */

/* Begin PBXFileReference section */
		3373D6D7D9CC2F5B66FA1122 /* Pods-RisingTestProject.debug.xcconfig */ = {isa = PBXFileReference; includeInIndex = 1; lastKnownFileType = text.xcconfig; name = "Pods-RisingTestProject.debug.xcconfig"; path = "Target Support Files/Pods-RisingTestProject/Pods-RisingTestProject.debug.xcconfig"; sourceTree = "<group>"; };
		57A1119FE0DF7529DAB93FE8 /* Pods-RisingTestProject.release.xcconfig */ = {isa = PBXFileReference; includeInIndex = 1; lastKnownFileType = text.xcconfig; name = "Pods-RisingTestProject.release.xcconfig"; path = "Target Support Files/Pods-RisingTestProject/Pods-RisingTestProject.release.xcconfig"; sourceTree = "<group>"; };
		D005E26127E6070A0001B63C /* PopularityPostTableViewCell.swift */ = {isa = PBXFileReference; lastKnownFileType = sourcecode.swift; path = PopularityPostTableViewCell.swift; sourceTree = "<group>"; };
		D005E26227E6070A0001B63C /* PopularityPostTableViewCell.xib */ = {isa = PBXFileReference; lastKnownFileType = file.xib; path = PopularityPostTableViewCell.xib; sourceTree = "<group>"; };
		D005E26927E6181B0001B63C /* PopularityCollectionViewHeaderCell.swift */ = {isa = PBXFileReference; lastKnownFileType = sourcecode.swift; path = PopularityCollectionViewHeaderCell.swift; sourceTree = "<group>"; };
		D005E26A27E6181B0001B63C /* PopularityCollectionViewHeaderCell.xib */ = {isa = PBXFileReference; lastKnownFileType = file.xib; path = PopularityCollectionViewHeaderCell.xib; sourceTree = "<group>"; };
		D04A2DCE27E5C03C00D1C7D6 /* HomeTapmanViewController.swift */ = {isa = PBXFileReference; lastKnownFileType = sourcecode.swift; path = HomeTapmanViewController.swift; sourceTree = "<group>"; };
		D04A2DD127E5C20C00D1C7D6 /* HomePopularityVC.swift */ = {isa = PBXFileReference; lastKnownFileType = sourcecode.swift; path = HomePopularityVC.swift; sourceTree = "<group>"; };
		D04A2DD327E5C23600D1C7D6 /* HomeFollowingVC.swift */ = {isa = PBXFileReference; lastKnownFileType = sourcecode.swift; path = HomeFollowingVC.swift; sourceTree = "<group>"; };
		D04A2DD527E5C25F00D1C7D6 /* HomePhotoVC.swift */ = {isa = PBXFileReference; lastKnownFileType = sourcecode.swift; path = HomePhotoVC.swift; sourceTree = "<group>"; };
		D04A2DD727E5C2C900D1C7D6 /* HomeHouseWarmingVC.swift */ = {isa = PBXFileReference; lastKnownFileType = sourcecode.swift; path = HomeHouseWarmingVC.swift; sourceTree = "<group>"; };
		D04A2DD927E5C2F500D1C7D6 /* HomeKnowHowVC.swift */ = {isa = PBXFileReference; lastKnownFileType = sourcecode.swift; path = HomeKnowHowVC.swift; sourceTree = "<group>"; };
		D04A2DDB27E5C34800D1C7D6 /* HomeExpertVC.swift */ = {isa = PBXFileReference; lastKnownFileType = sourcecode.swift; path = HomeExpertVC.swift; sourceTree = "<group>"; };
		D04A2DDD27E5C3EC00D1C7D6 /* HomeQnAVC.swift */ = {isa = PBXFileReference; lastKnownFileType = sourcecode.swift; path = HomeQnAVC.swift; sourceTree = "<group>"; };
		D04A2DE627E5CE9800D1C7D6 /* PopularityTableViewHeader.swift */ = {isa = PBXFileReference; lastKnownFileType = sourcecode.swift; path = PopularityTableViewHeader.swift; sourceTree = "<group>"; };
		D04A2DE927E5CF1200D1C7D6 /* PopularityTableViewHeader.xib */ = {isa = PBXFileReference; lastKnownFileType = file.xib; path = PopularityTableViewHeader.xib; sourceTree = "<group>"; };
		D04A2DEC27E5D61400D1C7D6 /* CommercialBannerCell.swift */ = {isa = PBXFileReference; lastKnownFileType = sourcecode.swift; path = CommercialBannerCell.swift; sourceTree = "<group>"; };
		D04A2DED27E5D61400D1C7D6 /* CommercialBannerCell.xib */ = {isa = PBXFileReference; lastKnownFileType = file.xib; path = CommercialBannerCell.xib; sourceTree = "<group>"; };
		D072BD7427E61A18000FB9C4 /* PopularityPostCollectionViewCell.swift */ = {isa = PBXFileReference; lastKnownFileType = sourcecode.swift; path = PopularityPostCollectionViewCell.swift; sourceTree = "<group>"; };
		D072BD7527E61A18000FB9C4 /* PopularityPostCollectionViewCell.xib */ = {isa = PBXFileReference; lastKnownFileType = file.xib; path = PopularityPostCollectionViewCell.xib; sourceTree = "<group>"; };
		D0910F5727E56D9800793D90 /* RisingTestProject.app */ = {isa = PBXFileReference; explicitFileType = wrapper.application; includeInIndex = 0; path = RisingTestProject.app; sourceTree = BUILT_PRODUCTS_DIR; };
		D0910F5A27E56D9800793D90 /* AppDelegate.swift */ = {isa = PBXFileReference; lastKnownFileType = sourcecode.swift; path = AppDelegate.swift; sourceTree = "<group>"; };
		D0910F5C27E56D9800793D90 /* SceneDelegate.swift */ = {isa = PBXFileReference; lastKnownFileType = sourcecode.swift; path = SceneDelegate.swift; sourceTree = "<group>"; };
		D0910F5E27E56D9800793D90 /* HomeViewController.swift */ = {isa = PBXFileReference; lastKnownFileType = sourcecode.swift; path = HomeViewController.swift; sourceTree = "<group>"; };
		D0910F6127E56D9800793D90 /* Base */ = {isa = PBXFileReference; lastKnownFileType = file.storyboard; name = Base; path = Base.lproj/Main.storyboard; sourceTree = "<group>"; };
		D0910F6327E56D9B00793D90 /* Assets.xcassets */ = {isa = PBXFileReference; lastKnownFileType = folder.assetcatalog; path = Assets.xcassets; sourceTree = "<group>"; };
		D0910F6627E56D9B00793D90 /* Base */ = {isa = PBXFileReference; lastKnownFileType = file.storyboard; name = Base; path = Base.lproj/LaunchScreen.storyboard; sourceTree = "<group>"; };
		D0910F6827E56D9B00793D90 /* Info.plist */ = {isa = PBXFileReference; lastKnownFileType = text.plist.xml; path = Info.plist; sourceTree = "<group>"; };
		D0EA7F6627E58F9100948269 /* Constant.swift */ = {isa = PBXFileReference; lastKnownFileType = sourcecode.swift; path = Constant.swift; sourceTree = "<group>"; };
		D0EA7F6C27E58FF900948269 /* BaseViewController.swift */ = {isa = PBXFileReference; lastKnownFileType = sourcecode.swift; path = BaseViewController.swift; sourceTree = "<group>"; };
		D0EA7F7127E5904800948269 /* Device.swift */ = {isa = PBXFileReference; lastKnownFileType = sourcecode.swift; path = Device.swift; sourceTree = "<group>"; };
		D0EA7F7327E5904F00948269 /* CustomLabel.swift */ = {isa = PBXFileReference; lastKnownFileType = sourcecode.swift; path = CustomLabel.swift; sourceTree = "<group>"; };
		D0EA7F7527E5905A00948269 /* IndicatorView.swift */ = {isa = PBXFileReference; lastKnownFileType = sourcecode.swift; path = IndicatorView.swift; sourceTree = "<group>"; };
		D0EA7F7727E590A700948269 /* UIColor.swift */ = {isa = PBXFileReference; lastKnownFileType = sourcecode.swift; path = UIColor.swift; sourceTree = "<group>"; };
		D0EA7F7927E590BC00948269 /* Date.swift */ = {isa = PBXFileReference; lastKnownFileType = sourcecode.swift; path = Date.swift; sourceTree = "<group>"; };
		D0EA7F7B27E590D300948269 /* String.swift */ = {isa = PBXFileReference; lastKnownFileType = sourcecode.swift; path = String.swift; sourceTree = "<group>"; };
		D0EA7F7D27E590ED00948269 /* Int.swift */ = {isa = PBXFileReference; lastKnownFileType = sourcecode.swift; path = Int.swift; sourceTree = "<group>"; };
		D0EA7F7F27E5910000948269 /* UIButton.swift */ = {isa = PBXFileReference; lastKnownFileType = sourcecode.swift; path = UIButton.swift; sourceTree = "<group>"; };
		D0EA7F8127E5911B00948269 /* UIViewController.swift */ = {isa = PBXFileReference; lastKnownFileType = sourcecode.swift; path = UIViewController.swift; sourceTree = "<group>"; };
		D0EA7F8327E5913400948269 /* UINavigationBar.swift */ = {isa = PBXFileReference; lastKnownFileType = sourcecode.swift; path = UINavigationBar.swift; sourceTree = "<group>"; };
		D0EA7F8A27E5958100948269 /* InitialViewController.swift */ = {isa = PBXFileReference; lastKnownFileType = sourcecode.swift; path = InitialViewController.swift; sourceTree = "<group>"; };
		FB17C0B8FCCD7F01363220B6 /* Pods_RisingTestProject.framework */ = {isa = PBXFileReference; explicitFileType = wrapper.framework; includeInIndex = 0; path = Pods_RisingTestProject.framework; sourceTree = BUILT_PRODUCTS_DIR; };
/* End PBXFileReference section */

/* Begin PBXFrameworksBuildPhase section */
		D0910F5427E56D9800793D90 /* Frameworks */ = {
			isa = PBXFrameworksBuildPhase;
			buildActionMask = 2147483647;
			files = (
				0164AC4A69706993E2EA7DBE /* Pods_RisingTestProject.framework in Frameworks */,
			);
			runOnlyForDeploymentPostprocessing = 0;
		};
/* End PBXFrameworksBuildPhase section */

/* Begin PBXGroup section */
		D005E26027E6056B0001B63C /* TableViewCell */ = {
			isa = PBXGroup;
			children = (
				D005E26527E60E770001B63C /* Post */,
			);
			path = TableViewCell;
			sourceTree = "<group>";
		};
		D005E26527E60E770001B63C /* Post */ = {
			isa = PBXGroup;
			children = (
				D005E26627E60F4E0001B63C /* TableCell */,
				D005E26727E60F790001B63C /* CollectionCell */,
			);
			path = Post;
			sourceTree = "<group>";
		};
		D005E26627E60F4E0001B63C /* TableCell */ = {
			isa = PBXGroup;
			children = (
				D005E26127E6070A0001B63C /* PopularityPostTableViewCell.swift */,
				D005E26227E6070A0001B63C /* PopularityPostTableViewCell.xib */,
			);
			path = TableCell;
			sourceTree = "<group>";
		};
		D005E26727E60F790001B63C /* CollectionCell */ = {
			isa = PBXGroup;
			children = (
				D072BD7427E61A18000FB9C4 /* PopularityPostCollectionViewCell.swift */,
				D072BD7527E61A18000FB9C4 /* PopularityPostCollectionViewCell.xib */,
			);
			path = CollectionCell;
			sourceTree = "<group>";
		};
		D005E26827E617B80001B63C /* CollectionHeaderCell */ = {
			isa = PBXGroup;
			children = (
				D005E26927E6181B0001B63C /* PopularityCollectionViewHeaderCell.swift */,
				D005E26A27E6181B0001B63C /* PopularityCollectionViewHeaderCell.xib */,
			);
			path = CollectionHeaderCell;
			sourceTree = "<group>";
		};
		D04A2DCD27E5C00000D1C7D6 /* HomeVC */ = {
			isa = PBXGroup;
			children = (
				D0910F5E27E56D9800793D90 /* HomeViewController.swift */,
				D04A2DCE27E5C03C00D1C7D6 /* HomeTapmanViewController.swift */,
				D04A2DD027E5C1BC00D1C7D6 /* HomeSubViews */,
			);
			path = HomeVC;
			sourceTree = "<group>";
		};
		D04A2DD027E5C1BC00D1C7D6 /* HomeSubViews */ = {
			isa = PBXGroup;
			children = (
				D04A2DDF27E5CB8500D1C7D6 /* 인기 */,
				D04A2DE027E5CB8E00D1C7D6 /* 팔로잉 */,
				D04A2DE127E5CB9200D1C7D6 /* 사진 */,
				D04A2DE227E5CB9900D1C7D6 /* 집들이 */,
				D04A2DE327E5CB9E00D1C7D6 /* 노하우 */,
				D04A2DE427E5CBA300D1C7D6 /* 전문가집들이 */,
				D04A2DE527E5CBA800D1C7D6 /* 질문과답변 */,
			);
			path = HomeSubViews;
			sourceTree = "<group>";
		};
		D04A2DDF27E5CB8500D1C7D6 /* 인기 */ = {
			isa = PBXGroup;
			children = (
				D04A2DD127E5C20C00D1C7D6 /* HomePopularityVC.swift */,
				D04A2DE827E5CE9B00D1C7D6 /* Header */,
				D005E26027E6056B0001B63C /* TableViewCell */,
				D005E26827E617B80001B63C /* CollectionHeaderCell */,
			);
			name = "인기";
			path = "인기";
			sourceTree = "<group>";
		};
		D04A2DE027E5CB8E00D1C7D6 /* 팔로잉 */ = {
			isa = PBXGroup;
			children = (
				D04A2DD327E5C23600D1C7D6 /* HomeFollowingVC.swift */,
			);
			name = "팔로잉";
			path = "팔로잉";
			sourceTree = "<group>";
		};
		D04A2DE127E5CB9200D1C7D6 /* 사진 */ = {
			isa = PBXGroup;
			children = (
				D04A2DD527E5C25F00D1C7D6 /* HomePhotoVC.swift */,
			);
			name = "사진";
			path = "사진";
			sourceTree = "<group>";
		};
		D04A2DE227E5CB9900D1C7D6 /* 집들이 */ = {
			isa = PBXGroup;
			children = (
				D04A2DD727E5C2C900D1C7D6 /* HomeHouseWarmingVC.swift */,
			);
			name = "집들이";
			path = "집들이";
			sourceTree = "<group>";
		};
		D04A2DE327E5CB9E00D1C7D6 /* 노하우 */ = {
			isa = PBXGroup;
			children = (
				D04A2DD927E5C2F500D1C7D6 /* HomeKnowHowVC.swift */,
			);
			name = "노하우";
			path = "노하우";
			sourceTree = "<group>";
		};
		D04A2DE427E5CBA300D1C7D6 /* 전문가집들이 */ = {
			isa = PBXGroup;
			children = (
				D04A2DDB27E5C34800D1C7D6 /* HomeExpertVC.swift */,
			);
			name = "전문가집들이";
			path = "전문가집들이";
			sourceTree = "<group>";
		};
		D04A2DE527E5CBA800D1C7D6 /* 질문과답변 */ = {
			isa = PBXGroup;
			children = (
				D04A2DDD27E5C3EC00D1C7D6 /* HomeQnAVC.swift */,
			);
			name = "질문과답변";
			path = "질문과답변";
			sourceTree = "<group>";
		};
		D04A2DE827E5CE9B00D1C7D6 /* Header */ = {
			isa = PBXGroup;
			children = (
				D04A2DEB27E5D51300D1C7D6 /* HeaderView */,
				D04A2DF027E5D61900D1C7D6 /* Banner */,
			);
			path = Header;
			sourceTree = "<group>";
		};
		D04A2DEB27E5D51300D1C7D6 /* HeaderView */ = {
			isa = PBXGroup;
			children = (
				D04A2DE627E5CE9800D1C7D6 /* PopularityTableViewHeader.swift */,
				D04A2DE927E5CF1200D1C7D6 /* PopularityTableViewHeader.xib */,
			);
			path = HeaderView;
			sourceTree = "<group>";
		};
		D04A2DF027E5D61900D1C7D6 /* Banner */ = {
			isa = PBXGroup;
			children = (
				D04A2DEC27E5D61400D1C7D6 /* CommercialBannerCell.swift */,
				D04A2DED27E5D61400D1C7D6 /* CommercialBannerCell.xib */,
			);
			path = Banner;
			sourceTree = "<group>";
		};
		D0910F4E27E56D9800793D90 = {
			isa = PBXGroup;
			children = (
				D0910F5927E56D9800793D90 /* RisingTestProject */,
				D0910F5827E56D9800793D90 /* Products */,
				F6915DFCE52AE4DE4F1746A4 /* Pods */,
				F9DF8751DEDCACC9EFBB0C04 /* Frameworks */,
			);
			sourceTree = "<group>";
		};
		D0910F5827E56D9800793D90 /* Products */ = {
			isa = PBXGroup;
			children = (
				D0910F5727E56D9800793D90 /* RisingTestProject.app */,
			);
			name = Products;
			sourceTree = "<group>";
		};
		D0910F5927E56D9800793D90 /* RisingTestProject */ = {
			isa = PBXGroup;
			children = (
				D0EA7F6527E58F7A00948269 /* App */,
				D0EA7F6827E58FA900948269 /* Configuration */,
				D0EA7F6E27E5902300948269 /* Util */,
				D0EA7F8527E5914E00948269 /* Source */,
				D0910F6327E56D9B00793D90 /* Assets.xcassets */,
				D0910F6527E56D9B00793D90 /* LaunchScreen.storyboard */,
				D0910F6827E56D9B00793D90 /* Info.plist */,
			);
			path = RisingTestProject;
			sourceTree = "<group>";
		};
		D0EA7F6527E58F7A00948269 /* App */ = {
			isa = PBXGroup;
			children = (
				D0910F5A27E56D9800793D90 /* AppDelegate.swift */,
				D0910F5C27E56D9800793D90 /* SceneDelegate.swift */,
			);
			path = App;
			sourceTree = "<group>";
		};
		D0EA7F6827E58FA900948269 /* Configuration */ = {
			isa = PBXGroup;
			children = (
				D0EA7F6627E58F9100948269 /* Constant.swift */,
				D0EA7F6927E58FB700948269 /* Secret */,
				D0EA7F6A27E58FC900948269 /* Font */,
				D0EA7F6B27E58FCF00948269 /* Base */,
			);
			path = Configuration;
			sourceTree = "<group>";
		};
		D0EA7F6927E58FB700948269 /* Secret */ = {
			isa = PBXGroup;
			children = (
			);
			path = Secret;
			sourceTree = "<group>";
		};
		D0EA7F6A27E58FC900948269 /* Font */ = {
			isa = PBXGroup;
			children = (
			);
			path = Font;
			sourceTree = "<group>";
		};
		D0EA7F6B27E58FCF00948269 /* Base */ = {
			isa = PBXGroup;
			children = (
				D0EA7F6C27E58FF900948269 /* BaseViewController.swift */,
			);
			path = Base;
			sourceTree = "<group>";
		};
		D0EA7F6E27E5902300948269 /* Util */ = {
			isa = PBXGroup;
			children = (
				D0EA7F7027E5903500948269 /* CommonClass */,
				D0EA7F6F27E5902F00948269 /* Extension */,
			);
			path = Util;
			sourceTree = "<group>";
		};
		D0EA7F6F27E5902F00948269 /* Extension */ = {
			isa = PBXGroup;
			children = (
				D0EA7F7727E590A700948269 /* UIColor.swift */,
				D0EA7F7927E590BC00948269 /* Date.swift */,
				D0EA7F7B27E590D300948269 /* String.swift */,
				D0EA7F7D27E590ED00948269 /* Int.swift */,
				D0EA7F7F27E5910000948269 /* UIButton.swift */,
				D0EA7F8127E5911B00948269 /* UIViewController.swift */,
				D0EA7F8327E5913400948269 /* UINavigationBar.swift */,
			);
			path = Extension;
			sourceTree = "<group>";
		};
		D0EA7F7027E5903500948269 /* CommonClass */ = {
			isa = PBXGroup;
			children = (
				D0EA7F7127E5904800948269 /* Device.swift */,
				D0EA7F7327E5904F00948269 /* CustomLabel.swift */,
				D0EA7F7527E5905A00948269 /* IndicatorView.swift */,
			);
			path = CommonClass;
			sourceTree = "<group>";
		};
		D0EA7F8527E5914E00948269 /* Source */ = {
			isa = PBXGroup;
			children = (
				D0910F6027E56D9800793D90 /* Main.storyboard */,
				D0EA7F8627E5915400948269 /* ViewControllers */,
				D0EA7F8827E5917600948269 /* Main */,
			);
			path = Source;
			sourceTree = "<group>";
		};
		D0EA7F8627E5915400948269 /* ViewControllers */ = {
			isa = PBXGroup;
			children = (
				D0EA7F8A27E5958100948269 /* InitialViewController.swift */,
				D04A2DCD27E5C00000D1C7D6 /* HomeVC */,
			);
			path = ViewControllers;
			sourceTree = "<group>";
		};
		D0EA7F8827E5917600948269 /* Main */ = {
			isa = PBXGroup;
			children = (
				D0EA7F8927E5919B00948269 /* Network */,
			);
			path = Main;
			sourceTree = "<group>";
		};
		D0EA7F8927E5919B00948269 /* Network */ = {
			isa = PBXGroup;
			children = (
			);
			path = Network;
			sourceTree = "<group>";
		};
		F6915DFCE52AE4DE4F1746A4 /* Pods */ = {
			isa = PBXGroup;
			children = (
				3373D6D7D9CC2F5B66FA1122 /* Pods-RisingTestProject.debug.xcconfig */,
				57A1119FE0DF7529DAB93FE8 /* Pods-RisingTestProject.release.xcconfig */,
			);
			path = Pods;
			sourceTree = "<group>";
		};
		F9DF8751DEDCACC9EFBB0C04 /* Frameworks */ = {
			isa = PBXGroup;
			children = (
				FB17C0B8FCCD7F01363220B6 /* Pods_RisingTestProject.framework */,
			);
			name = Frameworks;
			sourceTree = "<group>";
		};
/* End PBXGroup section */

/* Begin PBXNativeTarget section */
		D0910F5627E56D9800793D90 /* RisingTestProject */ = {
			isa = PBXNativeTarget;
			buildConfigurationList = D0910F6B27E56D9B00793D90 /* Build configuration list for PBXNativeTarget "RisingTestProject" */;
			buildPhases = (
				5060EAFE742609088365D33B /* [CP] Check Pods Manifest.lock */,
				D0910F5327E56D9800793D90 /* Sources */,
				D0910F5427E56D9800793D90 /* Frameworks */,
				D0910F5527E56D9800793D90 /* Resources */,
				502B5E7BE50745EC36C45D8A /* [CP] Embed Pods Frameworks */,
			);
			buildRules = (
			);
			dependencies = (
			);
			name = RisingTestProject;
			productName = RisingTestProject;
			productReference = D0910F5727E56D9800793D90 /* RisingTestProject.app */;
			productType = "com.apple.product-type.application";
		};
/* End PBXNativeTarget section */

/* Begin PBXProject section */
		D0910F4F27E56D9800793D90 /* Project object */ = {
			isa = PBXProject;
			attributes = {
				BuildIndependentTargetsInParallel = 1;
				LastSwiftUpdateCheck = 1330;
				LastUpgradeCheck = 1330;
				TargetAttributes = {
					D0910F5627E56D9800793D90 = {
						CreatedOnToolsVersion = 13.3;
					};
				};
			};
			buildConfigurationList = D0910F5227E56D9800793D90 /* Build configuration list for PBXProject "RisingTestProject" */;
			compatibilityVersion = "Xcode 13.0";
			developmentRegion = en;
			hasScannedForEncodings = 0;
			knownRegions = (
				en,
				Base,
			);
			mainGroup = D0910F4E27E56D9800793D90;
			productRefGroup = D0910F5827E56D9800793D90 /* Products */;
			projectDirPath = "";
			projectRoot = "";
			targets = (
				D0910F5627E56D9800793D90 /* RisingTestProject */,
			);
		};
/* End PBXProject section */

/* Begin PBXResourcesBuildPhase section */
		D0910F5527E56D9800793D90 /* Resources */ = {
			isa = PBXResourcesBuildPhase;
			buildActionMask = 2147483647;
			files = (
				D005E26C27E6181B0001B63C /* PopularityCollectionViewHeaderCell.xib in Resources */,
				D0910F6727E56D9B00793D90 /* LaunchScreen.storyboard in Resources */,
				D0910F6427E56D9B00793D90 /* Assets.xcassets in Resources */,
				D072BD7727E61A18000FB9C4 /* PopularityPostCollectionViewCell.xib in Resources */,
				D005E26427E6070A0001B63C /* PopularityPostTableViewCell.xib in Resources */,
				D04A2DEF27E5D61400D1C7D6 /* CommercialBannerCell.xib in Resources */,
				D0910F6227E56D9800793D90 /* Main.storyboard in Resources */,
				D04A2DEA27E5CF1200D1C7D6 /* PopularityTableViewHeader.xib in Resources */,
			);
			runOnlyForDeploymentPostprocessing = 0;
		};
/* End PBXResourcesBuildPhase section */

/* Begin PBXShellScriptBuildPhase section */
		502B5E7BE50745EC36C45D8A /* [CP] Embed Pods Frameworks */ = {
			isa = PBXShellScriptBuildPhase;
			buildActionMask = 2147483647;
			files = (
			);
			inputFileListPaths = (
				"${PODS_ROOT}/Target Support Files/Pods-RisingTestProject/Pods-RisingTestProject-frameworks-${CONFIGURATION}-input-files.xcfilelist",
			);
			name = "[CP] Embed Pods Frameworks";
			outputFileListPaths = (
				"${PODS_ROOT}/Target Support Files/Pods-RisingTestProject/Pods-RisingTestProject-frameworks-${CONFIGURATION}-output-files.xcfilelist",
			);
			runOnlyForDeploymentPostprocessing = 0;
			shellPath = /bin/sh;
			shellScript = "\"${PODS_ROOT}/Target Support Files/Pods-RisingTestProject/Pods-RisingTestProject-frameworks.sh\"\n";
			showEnvVarsInLog = 0;
		};
		5060EAFE742609088365D33B /* [CP] Check Pods Manifest.lock */ = {
			isa = PBXShellScriptBuildPhase;
			buildActionMask = 2147483647;
			files = (
			);
			inputFileListPaths = (
			);
			inputPaths = (
				"${PODS_PODFILE_DIR_PATH}/Podfile.lock",
				"${PODS_ROOT}/Manifest.lock",
			);
			name = "[CP] Check Pods Manifest.lock";
			outputFileListPaths = (
			);
			outputPaths = (
				"$(DERIVED_FILE_DIR)/Pods-RisingTestProject-checkManifestLockResult.txt",
			);
			runOnlyForDeploymentPostprocessing = 0;
			shellPath = /bin/sh;
			shellScript = "diff \"${PODS_PODFILE_DIR_PATH}/Podfile.lock\" \"${PODS_ROOT}/Manifest.lock\" > /dev/null\nif [ $? != 0 ] ; then\n    # print error to STDERR\n    echo \"error: The sandbox is not in sync with the Podfile.lock. Run 'pod install' or update your CocoaPods installation.\" >&2\n    exit 1\nfi\n# This output is used by Xcode 'outputs' to avoid re-running this script phase.\necho \"SUCCESS\" > \"${SCRIPT_OUTPUT_FILE_0}\"\n";
			showEnvVarsInLog = 0;
		};
/* End PBXShellScriptBuildPhase section */

/* Begin PBXSourcesBuildPhase section */
		D0910F5327E56D9800793D90 /* Sources */ = {
			isa = PBXSourcesBuildPhase;
			buildActionMask = 2147483647;
			files = (
				D04A2DD227E5C20C00D1C7D6 /* HomePopularityVC.swift in Sources */,
				D0EA7F8227E5911B00948269 /* UIViewController.swift in Sources */,
				D072BD7627E61A18000FB9C4 /* PopularityPostCollectionViewCell.swift in Sources */,
				D04A2DE727E5CE9800D1C7D6 /* PopularityTableViewHeader.swift in Sources */,
				D0EA7F6D27E58FF900948269 /* BaseViewController.swift in Sources */,
				D0EA7F8027E5910000948269 /* UIButton.swift in Sources */,
				D04A2DCF27E5C03C00D1C7D6 /* HomeTapmanViewController.swift in Sources */,
				D0EA7F7C27E590D300948269 /* String.swift in Sources */,
				D04A2DD827E5C2C900D1C7D6 /* HomeHouseWarmingVC.swift in Sources */,
				D04A2DDC27E5C34800D1C7D6 /* HomeExpertVC.swift in Sources */,
				D0EA7F7A27E590BC00948269 /* Date.swift in Sources */,
				D0EA7F7E27E590ED00948269 /* Int.swift in Sources */,
				D0910F5F27E56D9800793D90 /* HomeViewController.swift in Sources */,
				D0910F5B27E56D9800793D90 /* AppDelegate.swift in Sources */,
				D04A2DDE27E5C3EC00D1C7D6 /* HomeQnAVC.swift in Sources */,
				D005E26327E6070A0001B63C /* PopularityPostTableViewCell.swift in Sources */,
				D0EA7F7427E5904F00948269 /* CustomLabel.swift in Sources */,
				D0EA7F8427E5913500948269 /* UINavigationBar.swift in Sources */,
				D04A2DD627E5C25F00D1C7D6 /* HomePhotoVC.swift in Sources */,
				D04A2DD427E5C23600D1C7D6 /* HomeFollowingVC.swift in Sources */,
				D0EA7F7827E590A700948269 /* UIColor.swift in Sources */,
				D0EA7F7227E5904800948269 /* Device.swift in Sources */,
				D04A2DDA27E5C2F500D1C7D6 /* HomeKnowHowVC.swift in Sources */,
				D0910F5D27E56D9800793D90 /* SceneDelegate.swift in Sources */,
				D0EA7F7627E5905A00948269 /* IndicatorView.swift in Sources */,
				D005E26B27E6181B0001B63C /* PopularityCollectionViewHeaderCell.swift in Sources */,
				D0EA7F6727E58F9100948269 /* Constant.swift in Sources */,
				D0EA7F8B27E5958100948269 /* InitialViewController.swift in Sources */,
				D04A2DEE27E5D61400D1C7D6 /* CommercialBannerCell.swift in Sources */,
			);
			runOnlyForDeploymentPostprocessing = 0;
		};
/* End PBXSourcesBuildPhase section */

/* Begin PBXVariantGroup section */
		D0910F6027E56D9800793D90 /* Main.storyboard */ = {
			isa = PBXVariantGroup;
			children = (
				D0910F6127E56D9800793D90 /* Base */,
			);
			name = Main.storyboard;
			sourceTree = "<group>";
		};
		D0910F6527E56D9B00793D90 /* LaunchScreen.storyboard */ = {
			isa = PBXVariantGroup;
			children = (
				D0910F6627E56D9B00793D90 /* Base */,
			);
			name = LaunchScreen.storyboard;
			sourceTree = "<group>";
		};
/* End PBXVariantGroup section */

/* Begin XCBuildConfiguration section */
		D0910F6927E56D9B00793D90 /* Debug */ = {
			isa = XCBuildConfiguration;
			buildSettings = {
				ALWAYS_SEARCH_USER_PATHS = NO;
				CLANG_ANALYZER_NONNULL = YES;
				CLANG_ANALYZER_NUMBER_OBJECT_CONVERSION = YES_AGGRESSIVE;
				CLANG_CXX_LANGUAGE_STANDARD = "gnu++17";
				CLANG_ENABLE_MODULES = YES;
				CLANG_ENABLE_OBJC_ARC = YES;
				CLANG_ENABLE_OBJC_WEAK = YES;
				CLANG_WARN_BLOCK_CAPTURE_AUTORELEASING = YES;
				CLANG_WARN_BOOL_CONVERSION = YES;
				CLANG_WARN_COMMA = YES;
				CLANG_WARN_CONSTANT_CONVERSION = YES;
				CLANG_WARN_DEPRECATED_OBJC_IMPLEMENTATIONS = YES;
				CLANG_WARN_DIRECT_OBJC_ISA_USAGE = YES_ERROR;
				CLANG_WARN_DOCUMENTATION_COMMENTS = YES;
				CLANG_WARN_EMPTY_BODY = YES;
				CLANG_WARN_ENUM_CONVERSION = YES;
				CLANG_WARN_INFINITE_RECURSION = YES;
				CLANG_WARN_INT_CONVERSION = YES;
				CLANG_WARN_NON_LITERAL_NULL_CONVERSION = YES;
				CLANG_WARN_OBJC_IMPLICIT_RETAIN_SELF = YES;
				CLANG_WARN_OBJC_LITERAL_CONVERSION = YES;
				CLANG_WARN_OBJC_ROOT_CLASS = YES_ERROR;
				CLANG_WARN_QUOTED_INCLUDE_IN_FRAMEWORK_HEADER = YES;
				CLANG_WARN_RANGE_LOOP_ANALYSIS = YES;
				CLANG_WARN_STRICT_PROTOTYPES = YES;
				CLANG_WARN_SUSPICIOUS_MOVE = YES;
				CLANG_WARN_UNGUARDED_AVAILABILITY = YES_AGGRESSIVE;
				CLANG_WARN_UNREACHABLE_CODE = YES;
				CLANG_WARN__DUPLICATE_METHOD_MATCH = YES;
				COPY_PHASE_STRIP = NO;
				DEBUG_INFORMATION_FORMAT = dwarf;
				ENABLE_STRICT_OBJC_MSGSEND = YES;
				ENABLE_TESTABILITY = YES;
				GCC_C_LANGUAGE_STANDARD = gnu11;
				GCC_DYNAMIC_NO_PIC = NO;
				GCC_NO_COMMON_BLOCKS = YES;
				GCC_OPTIMIZATION_LEVEL = 0;
				GCC_PREPROCESSOR_DEFINITIONS = (
					"DEBUG=1",
					"$(inherited)",
				);
				GCC_WARN_64_TO_32_BIT_CONVERSION = YES;
				GCC_WARN_ABOUT_RETURN_TYPE = YES_ERROR;
				GCC_WARN_UNDECLARED_SELECTOR = YES;
				GCC_WARN_UNINITIALIZED_AUTOS = YES_AGGRESSIVE;
				GCC_WARN_UNUSED_FUNCTION = YES;
				GCC_WARN_UNUSED_VARIABLE = YES;
				IPHONEOS_DEPLOYMENT_TARGET = 15.4;
				MTL_ENABLE_DEBUG_INFO = INCLUDE_SOURCE;
				MTL_FAST_MATH = YES;
				ONLY_ACTIVE_ARCH = YES;
				SDKROOT = iphoneos;
				SWIFT_ACTIVE_COMPILATION_CONDITIONS = DEBUG;
				SWIFT_OPTIMIZATION_LEVEL = "-Onone";
			};
			name = Debug;
		};
		D0910F6A27E56D9B00793D90 /* Release */ = {
			isa = XCBuildConfiguration;
			buildSettings = {
				ALWAYS_SEARCH_USER_PATHS = NO;
				CLANG_ANALYZER_NONNULL = YES;
				CLANG_ANALYZER_NUMBER_OBJECT_CONVERSION = YES_AGGRESSIVE;
				CLANG_CXX_LANGUAGE_STANDARD = "gnu++17";
				CLANG_ENABLE_MODULES = YES;
				CLANG_ENABLE_OBJC_ARC = YES;
				CLANG_ENABLE_OBJC_WEAK = YES;
				CLANG_WARN_BLOCK_CAPTURE_AUTORELEASING = YES;
				CLANG_WARN_BOOL_CONVERSION = YES;
				CLANG_WARN_COMMA = YES;
				CLANG_WARN_CONSTANT_CONVERSION = YES;
				CLANG_WARN_DEPRECATED_OBJC_IMPLEMENTATIONS = YES;
				CLANG_WARN_DIRECT_OBJC_ISA_USAGE = YES_ERROR;
				CLANG_WARN_DOCUMENTATION_COMMENTS = YES;
				CLANG_WARN_EMPTY_BODY = YES;
				CLANG_WARN_ENUM_CONVERSION = YES;
				CLANG_WARN_INFINITE_RECURSION = YES;
				CLANG_WARN_INT_CONVERSION = YES;
				CLANG_WARN_NON_LITERAL_NULL_CONVERSION = YES;
				CLANG_WARN_OBJC_IMPLICIT_RETAIN_SELF = YES;
				CLANG_WARN_OBJC_LITERAL_CONVERSION = YES;
				CLANG_WARN_OBJC_ROOT_CLASS = YES_ERROR;
				CLANG_WARN_QUOTED_INCLUDE_IN_FRAMEWORK_HEADER = YES;
				CLANG_WARN_RANGE_LOOP_ANALYSIS = YES;
				CLANG_WARN_STRICT_PROTOTYPES = YES;
				CLANG_WARN_SUSPICIOUS_MOVE = YES;
				CLANG_WARN_UNGUARDED_AVAILABILITY = YES_AGGRESSIVE;
				CLANG_WARN_UNREACHABLE_CODE = YES;
				CLANG_WARN__DUPLICATE_METHOD_MATCH = YES;
				COPY_PHASE_STRIP = NO;
				DEBUG_INFORMATION_FORMAT = "dwarf-with-dsym";
				ENABLE_NS_ASSERTIONS = NO;
				ENABLE_STRICT_OBJC_MSGSEND = YES;
				GCC_C_LANGUAGE_STANDARD = gnu11;
				GCC_NO_COMMON_BLOCKS = YES;
				GCC_WARN_64_TO_32_BIT_CONVERSION = YES;
				GCC_WARN_ABOUT_RETURN_TYPE = YES_ERROR;
				GCC_WARN_UNDECLARED_SELECTOR = YES;
				GCC_WARN_UNINITIALIZED_AUTOS = YES_AGGRESSIVE;
				GCC_WARN_UNUSED_FUNCTION = YES;
				GCC_WARN_UNUSED_VARIABLE = YES;
				IPHONEOS_DEPLOYMENT_TARGET = 15.4;
				MTL_ENABLE_DEBUG_INFO = NO;
				MTL_FAST_MATH = YES;
				SDKROOT = iphoneos;
				SWIFT_COMPILATION_MODE = wholemodule;
				SWIFT_OPTIMIZATION_LEVEL = "-O";
				VALIDATE_PRODUCT = YES;
			};
			name = Release;
		};
		D0910F6C27E56D9B00793D90 /* Debug */ = {
			isa = XCBuildConfiguration;
			baseConfigurationReference = 3373D6D7D9CC2F5B66FA1122 /* Pods-RisingTestProject.debug.xcconfig */;
			buildSettings = {
				ASSETCATALOG_COMPILER_APPICON_NAME = AppIcon;
				ASSETCATALOG_COMPILER_GLOBAL_ACCENT_COLOR_NAME = AccentColor;
				CODE_SIGN_STYLE = Automatic;
				CURRENT_PROJECT_VERSION = 1;
				GENERATE_INFOPLIST_FILE = YES;
				INFOPLIST_FILE = RisingTestProject/Info.plist;
				INFOPLIST_KEY_UIApplicationSupportsIndirectInputEvents = YES;
				INFOPLIST_KEY_UILaunchStoryboardName = LaunchScreen;
				INFOPLIST_KEY_UIMainStoryboardFile = Main;
				INFOPLIST_KEY_UISupportedInterfaceOrientations_iPad = "UIInterfaceOrientationPortrait UIInterfaceOrientationPortraitUpsideDown UIInterfaceOrientationLandscapeLeft UIInterfaceOrientationLandscapeRight";
				INFOPLIST_KEY_UISupportedInterfaceOrientations_iPhone = "UIInterfaceOrientationPortrait UIInterfaceOrientationLandscapeLeft UIInterfaceOrientationLandscapeRight";
				LD_RUNPATH_SEARCH_PATHS = (
					"$(inherited)",
					"@executable_path/Frameworks",
				);
				MARKETING_VERSION = 1.0;
				PRODUCT_BUNDLE_IDENTIFIER = "DongHee-Sin.RisingTestProject";
				PRODUCT_NAME = "$(TARGET_NAME)";
				SWIFT_EMIT_LOC_STRINGS = YES;
				SWIFT_VERSION = 5.0;
				TARGETED_DEVICE_FAMILY = "1,2";
			};
			name = Debug;
		};
		D0910F6D27E56D9B00793D90 /* Release */ = {
			isa = XCBuildConfiguration;
			baseConfigurationReference = 57A1119FE0DF7529DAB93FE8 /* Pods-RisingTestProject.release.xcconfig */;
			buildSettings = {
				ASSETCATALOG_COMPILER_APPICON_NAME = AppIcon;
				ASSETCATALOG_COMPILER_GLOBAL_ACCENT_COLOR_NAME = AccentColor;
				CODE_SIGN_STYLE = Automatic;
				CURRENT_PROJECT_VERSION = 1;
				GENERATE_INFOPLIST_FILE = YES;
				INFOPLIST_FILE = RisingTestProject/Info.plist;
				INFOPLIST_KEY_UIApplicationSupportsIndirectInputEvents = YES;
				INFOPLIST_KEY_UILaunchStoryboardName = LaunchScreen;
				INFOPLIST_KEY_UIMainStoryboardFile = Main;
				INFOPLIST_KEY_UISupportedInterfaceOrientations_iPad = "UIInterfaceOrientationPortrait UIInterfaceOrientationPortraitUpsideDown UIInterfaceOrientationLandscapeLeft UIInterfaceOrientationLandscapeRight";
				INFOPLIST_KEY_UISupportedInterfaceOrientations_iPhone = "UIInterfaceOrientationPortrait UIInterfaceOrientationLandscapeLeft UIInterfaceOrientationLandscapeRight";
				LD_RUNPATH_SEARCH_PATHS = (
					"$(inherited)",
					"@executable_path/Frameworks",
				);
				MARKETING_VERSION = 1.0;
				PRODUCT_BUNDLE_IDENTIFIER = "DongHee-Sin.RisingTestProject";
				PRODUCT_NAME = "$(TARGET_NAME)";
				SWIFT_EMIT_LOC_STRINGS = YES;
				SWIFT_VERSION = 5.0;
				TARGETED_DEVICE_FAMILY = "1,2";
			};
			name = Release;
		};
/* End XCBuildConfiguration section */

/* Begin XCConfigurationList section */
		D0910F5227E56D9800793D90 /* Build configuration list for PBXProject "RisingTestProject" */ = {
			isa = XCConfigurationList;
			buildConfigurations = (
				D0910F6927E56D9B00793D90 /* Debug */,
				D0910F6A27E56D9B00793D90 /* Release */,
			);
			defaultConfigurationIsVisible = 0;
			defaultConfigurationName = Release;
		};
		D0910F6B27E56D9B00793D90 /* Build configuration list for PBXNativeTarget "RisingTestProject" */ = {
			isa = XCConfigurationList;
			buildConfigurations = (
				D0910F6C27E56D9B00793D90 /* Debug */,
				D0910F6D27E56D9B00793D90 /* Release */,
			);
			defaultConfigurationIsVisible = 0;
			defaultConfigurationName = Release;
		};
/* End XCConfigurationList section */
	};
	rootObject = D0910F4F27E56D9800793D90 /* Project object */;
}
